# Generated by conda-lock.
# platform: osx-64
# input_hash: 36e0f5130ec7e590fa30dd52ad8cd7f90ad2ec4732ddff4cf6739f036a11c653
@EXPLICIT
https://conda.anaconda.org/conda-forge/osx-64/bzip2-1.0.8-h0d85af4_4.tar.bz2#37edc4e6304ca87316e160f5ca0bd1b5
https://conda.anaconda.org/conda-forge/osx-64/ca-certificates-2022.12.7-h033912b_0.conda#af2bdcd68f16ce030ca957cdeb83d88a
https://conda.anaconda.org/conda-forge/osx-64/libbrotlicommon-1.0.9-hb7f2c08_8.tar.bz2#37157d273eaf3bc7d6862104161d9ec9
https://conda.anaconda.org/conda-forge/osx-64/libcxx-16.0.1-h71dddab_0.conda#afc5f19a789b39d1c3d8fcd88d57c6f5
https://conda.anaconda.org/conda-forge/osx-64/libdeflate-1.18-hac1461d_0.conda#3d131584456b277ce0871e6481fde49b
https://conda.anaconda.org/conda-forge/osx-64/libffi-3.4.2-h0d85af4_5.tar.bz2#ccb34fb14960ad8b125962d3d79b31a9
https://conda.anaconda.org/conda-forge/osx-64/libjpeg-turbo-2.1.5.1-hb7f2c08_0.conda#d7309a152b9b79799063b8bb47e34a3a
https://conda.anaconda.org/conda-forge/osx-64/libwebp-base-1.3.0-hb7f2c08_0.conda#18981e4c840126d6118d8952485fea51
https://conda.anaconda.org/conda-forge/osx-64/libzlib-1.2.13-hfd90126_4.tar.bz2#35eb3fce8d51ed3c1fd4122bad48250b
https://conda.anaconda.org/conda-forge/osx-64/llvm-openmp-16.0.1-h61d9ccf_0.conda#9ca35b33f7569472b5a16ef597cec793
https://conda.anaconda.org/conda-forge/osx-64/ncurses-6.3-h96cf925_1.tar.bz2#76217ebfbb163ff2770a261f955a5861
https://conda.anaconda.org/conda-forge/osx-64/pthread-stubs-0.4-hc929b4f_1001.tar.bz2#addd19059de62181cd11ae8f4ef26084
https://conda.anaconda.org/conda-forge/osx-64/python_abi-3.11-3_cp311.conda#5e0a069a585445333868d2c6651c3b3f
https://conda.anaconda.org/conda-forge/noarch/tzdata-2023c-h71feb2d_0.conda#939e3e74d8be4dac89ce83b20de2492a
https://conda.anaconda.org/conda-forge/osx-64/xorg-libxau-1.0.9-h35c211d_0.tar.bz2#c5049997b2e98edfbcdd294582f66281
https://conda.anaconda.org/conda-forge/osx-64/xorg-libxdmcp-1.1.3-h35c211d_0.tar.bz2#86ac76d6bf1cbb9621943eb3bd9ae36e
https://conda.anaconda.org/conda-forge/osx-64/xz-5.2.6-h775f41a_0.tar.bz2#a72f9d4ea13d55d745ff1ed594747f10
https://conda.anaconda.org/conda-forge/osx-64/lerc-4.0.0-hb486fe8_0.tar.bz2#f9d6a4c82889d5ecedec1d90eb673c55
https://conda.anaconda.org/conda-forge/osx-64/libbrotlidec-1.0.9-hb7f2c08_8.tar.bz2#7f952a036d9014b4dab96c6ea0f8c2a7
https://conda.anaconda.org/conda-forge/osx-64/libbrotlienc-1.0.9-hb7f2c08_8.tar.bz2#b36a3bfe866d9127f25f286506982166
https://conda.anaconda.org/conda-forge/osx-64/libgfortran5-12.2.0-he409387_31.conda#5a544130e584b1f204ac896ff071d5b3
https://conda.anaconda.org/conda-forge/osx-64/libpng-1.6.39-ha978bb4_0.conda#35e4928794c5391aec14ffdf1deaaee5
https://conda.anaconda.org/conda-forge/osx-64/libsqlite-3.40.0-ha978bb4_0.tar.bz2#ceb13b6726534b96e3b4e3dda91e9050
https://conda.anaconda.org/conda-forge/osx-64/libxcb-1.13-h0d85af4_1004.tar.bz2#eb7860935e14aec936065cbc21a1a962
https://conda.anaconda.org/conda-forge/osx-64/openssl-3.1.0-hfd90126_0.conda#a7df3470c748a517663bf095c2ac0235
https://conda.anaconda.org/conda-forge/osx-64/readline-8.2-h9e318b2_1.conda#f17f77f2acf4d344734bda76829ce14e
https://conda.anaconda.org/conda-forge/osx-64/tk-8.6.12-h5dbffcc_0.tar.bz2#8e9480d9c47061db2ed1b4ecce519a7f
https://conda.anaconda.org/conda-forge/osx-64/zstd-1.5.2-hbc0c0cd_6.conda#40a188783d3c425bdccc9ae9104acbb8
https://conda.anaconda.org/conda-forge/osx-64/brotli-bin-1.0.9-hb7f2c08_8.tar.bz2#aac5ad0d8f747ef7f871508146df75d9
https://conda.anaconda.org/conda-forge/osx-64/freetype-2.12.1-h3f81eb7_1.conda#852224ea3e8991a8342228eab274840e
https://conda.anaconda.org/conda-forge/osx-64/libgfortran-5.0.0-11_3_0_h97931a8_31.conda#97451338600bd9c5b535eb224ef6c471
https://conda.anaconda.org/conda-forge/osx-64/libtiff-4.5.0-hedf67fa_6.conda#800b810c1aa3eb4a08106698441871bb
https://conda.anaconda.org/conda-forge/osx-64/python-3.11.0-he7542f4_1_cpython.conda#9ecfa530b33aefd0d22e0272336f638a
https://conda.anaconda.org/conda-forge/noarch/azure-common-1.1.28-pyhd8ed1ab_0.tar.bz2#36a0b7a0497cfdb87e62c809947dd81c
https://conda.anaconda.org/conda-forge/noarch/blinker-1.6.2-pyhd8ed1ab_0.conda#2fb79ec81bad9492b6d59a06b3b647a4
https://conda.anaconda.org/conda-forge/osx-64/brotli-1.0.9-hb7f2c08_8.tar.bz2#55f612fe4a9b5f6ac76348b6de94aaeb
https://conda.anaconda.org/conda-forge/noarch/certifi-2022.12.7-pyhd8ed1ab_0.conda#fb9addc3db06e56abe03e0e9f21a63e6
https://conda.anaconda.org/conda-forge/noarch/charset-normalizer-3.1.0-pyhd8ed1ab_0.conda#7fcff9f6f123696e940bda77bd4d6551
https://conda.anaconda.org/conda-forge/osx-64/click-8.1.3-py311h6eed73b_1.tar.bz2#1ad76ce14cadf7969fc9973351b14552
https://conda.anaconda.org/conda-forge/noarch/cycler-0.11.0-pyhd8ed1ab_0.tar.bz2#a50559fad0affdbb33729a68669ca1cb
https://conda.anaconda.org/conda-forge/noarch/et_xmlfile-1.1.0-pyhd8ed1ab_0.conda#a2f2138597905eaa72e561d8efb42cf3
https://conda.anaconda.org/conda-forge/noarch/idna-3.4-pyhd8ed1ab_0.tar.bz2#34272b248891bddccc64479f9a7fffed
https://conda.anaconda.org/conda-forge/osx-64/kiwisolver-1.4.4-py311hd2070f0_1.tar.bz2#5219e72a43e53e8f6af4fdf76a0f90ef
https://conda.anaconda.org/conda-forge/osx-64/lcms2-2.15-h2dcdeff_1.conda#f1df9b0c2d9fbe985e62f4b24773a9e4
https://conda.anaconda.org/conda-forge/osx-64/libopenblas-0.3.21-openmp_h429af6e_3.tar.bz2#968c46aa7f4032c3f3873f3452ed4c34
https://conda.anaconda.org/conda-forge/noarch/munkres-1.1.4-pyh9f0ad1d_0.tar.bz2#2ba8498c1018c1e9c61eb99b973dfe19
https://conda.anaconda.org/conda-forge/osx-64/openjpeg-2.5.0-h13ac156_2.conda#299a29af9ac9f550ad459d655739280b
https://conda.anaconda.org/conda-forge/noarch/packaging-23.1-pyhd8ed1ab_0.conda#91cda59e66e1e4afe9476f8ef98f5c30
https://conda.anaconda.org/conda-forge/osx-64/portalocker-2.7.0-py311h6eed73b_0.conda#9cf620dcb78c85a7d01cc91ada9d4823
https://conda.anaconda.org/conda-forge/noarch/pycparser-2.21-pyhd8ed1ab_0.tar.bz2#076becd9e05608f8dc72757d5f3a91ff
https://conda.anaconda.org/conda-forge/noarch/pyjwt-2.6.0-pyhd8ed1ab_0.tar.bz2#56d08bbebf5b3719ca2b1688fcfd98a4
https://conda.anaconda.org/conda-forge/noarch/pyparsing-3.0.9-pyhd8ed1ab_0.tar.bz2#e8fbc1b54b25f4b08281467bc13b70cc
https://conda.anaconda.org/conda-forge/noarch/pyshp-2.3.1-pyhd8ed1ab_0.tar.bz2#92a889dc236a5197612bc85bee6d7174
https://conda.anaconda.org/conda-forge/noarch/pysocks-1.7.1-pyha2e5f31_6.tar.bz2#2a7de29fb590ca14b5243c4c812c8025
https://conda.anaconda.org/conda-forge/noarch/python-tzdata-2023.3-pyhd8ed1ab_0.conda#2590495f608a63625e165915fb4e2e34
https://conda.anaconda.org/conda-forge/noarch/pytz-2023.3-pyhd8ed1ab_0.conda#d3076b483092a435832603243567bc31
https://conda.anaconda.org/conda-forge/noarch/six-1.16.0-pyh6c4a22f_0.tar.bz2#e5f25f8dbc060e9a8d912e432202afc2
https://conda.anaconda.org/conda-forge/noarch/smmap-3.0.5-pyh44b312d_0.tar.bz2#3a8dc70789709aa315325d5df06fb7e4
https://conda.anaconda.org/conda-forge/osx-64/tornado-6.3-py311h5547dcb_0.conda#3d6fa52a389869acc2067a5d35a10515
https://conda.anaconda.org/conda-forge/noarch/typing_extensions-4.5.0-pyha770c72_0.conda#43e7d9e50261fb11deb76e17d8431aac
https://conda.anaconda.org/conda-forge/osx-64/cffi-1.15.1-py311ha86e640_3.conda#5967be4da33261eada7cc79593f71088
https://conda.anaconda.org/conda-forge/osx-64/fonttools-4.39.3-py311h5547dcb_0.conda#1a589d5a97e07a8ec6f3cb3fa145c147
https://conda.anaconda.org/conda-forge/noarch/gitdb-4.0.10-pyhd8ed1ab_0.conda#3706d2f3d7cb5dae600c833345a76132
https://conda.anaconda.org/conda-forge/noarch/isodate-0.6.1-pyhd8ed1ab_0.tar.bz2#4a62c93c1b5c0b920508ae3fd285eaf5
https://conda.anaconda.org/conda-forge/osx-64/libblas-3.9.0-16_osx64_openblas.tar.bz2#644d63e9379867490b67bace400b2a0f
https://conda.anaconda.org/conda-forge/osx-64/openpyxl-3.1.0-py311h5547dcb_0.conda#d09bbe6d26c937804964bcf865446d97
https://conda.anaconda.org/conda-forge/osx-64/pillow-9.5.0-py311hf47c0a6_0.conda#26a3390e4d5704f5be1131c698908a2f
https://conda.anaconda.org/conda-forge/noarch/python-dateutil-2.8.2-pyhd8ed1ab_0.tar.bz2#dd999d1cc9f79e67dbb855c8924c7984
https://conda.anaconda.org/conda-forge/noarch/typing-extensions-4.5.0-hd8ed1ab_0.conda#b3c594fde1a80a1fc3eb9cc4a5dfe392
https://conda.anaconda.org/conda-forge/osx-64/brotlipy-0.7.0-py311h5547dcb_1005.tar.bz2#5f97ac938a90d06eebea42c321abe0d7
https://conda.anaconda.org/conda-forge/osx-64/cryptography-40.0.2-py311h61927ef_0.conda#724b75f84bb1b5d932627d090a527168
https://conda.anaconda.org/conda-forge/noarch/gitpython-3.1.31-pyhd8ed1ab_0.conda#f6e6b482110246a81c3f03e81c68752d
https://conda.anaconda.org/conda-forge/osx-64/libcblas-3.9.0-16_osx64_openblas.tar.bz2#28592eab0f05bcf9969789e87f754e11
https://conda.anaconda.org/conda-forge/osx-64/liblapack-3.9.0-16_osx64_openblas.tar.bz2#406ad426aade5578b90544cc2ed4a79b
https://conda.anaconda.org/conda-forge/noarch/platformdirs-3.2.0-pyhd8ed1ab_0.conda#f10c2cf447ca96f12a326b83c75b8e33
https://conda.anaconda.org/conda-forge/osx-64/numpy-1.24.2-py311ha9d2c9f_0.conda#bcd25d27b63e7d57defd8ebdf67dc361
https://conda.anaconda.org/conda-forge/noarch/oauthlib-3.2.2-pyhd8ed1ab_0.tar.bz2#8f882b197fd9c4941a787926baea4868
https://conda.anaconda.org/conda-forge/noarch/pyopenssl-23.1.1-pyhd8ed1ab_0.conda#0b34aa3ab7e7ccb1765a03dd9ed29938
https://conda.anaconda.org/conda-forge/osx-64/contourpy-1.0.7-py311hd2070f0_0.conda#d78f75103409d2c7a8774c873821ae9a
https://conda.anaconda.org/conda-forge/osx-64/pandas-2.0.0-py311hd84f3f5_0.conda#45ce5513f0803c7a22ef407b555cbe5d
https://conda.anaconda.org/conda-forge/noarch/urllib3-1.26.15-pyhd8ed1ab_0.conda#27db656619a55d727eaf5a6ece3d2fd6
https://conda.anaconda.org/conda-forge/osx-64/matplotlib-base-3.7.1-py311h2bf763f_0.conda#d67ac9c9b834ae77ff7b2c59f702803c
https://conda.anaconda.org/conda-forge/noarch/requests-2.28.2-pyhd8ed1ab_1.conda#3bfbd6ead1d7299ed46dab3a7bf0bc8c
https://conda.anaconda.org/conda-forge/noarch/adal-1.2.7-pyhd8ed1ab_0.tar.bz2#1a0f134d22bad81e93f1e130b35afb35
https://conda.anaconda.org/conda-forge/noarch/azure-core-1.26.4-pyhd8ed1ab_0.conda#f4d871cde207029fbd3059fc4ad76af9
https://conda.anaconda.org/conda-forge/osx-64/matplotlib-3.7.1-py311h6eed73b_0.conda#c112be16f02d1c68de63ae3ec6fc7db4
https://conda.anaconda.org/conda-forge/noarch/msal-1.22.0-pyhd8ed1ab_0.conda#24c290ee3278fd9a33b00cd1f8d1db0f
https://conda.anaconda.org/conda-forge/noarch/pooch-1.7.0-pyha770c72_3.conda#5936894aade8240c867d292aa0d980c6
https://conda.anaconda.org/conda-forge/noarch/requests-oauthlib-1.3.1-pyhd8ed1ab_0.tar.bz2#61b279f051eef9c89d58f4d813e75e04
https://conda.anaconda.org/conda-forge/noarch/squarify-0.4.3-py_0.tar.bz2#c475458b05eedee1b4ba031652fefb02
https://conda.anaconda.org/conda-forge/noarch/azure-keyvault-certificates-4.7.0-pyhd8ed1ab_0.conda#1d9b52324d080b5395c6314b56c119da
https://conda.anaconda.org/conda-forge/noarch/azure-keyvault-keys-4.8.0-pyhd8ed1ab_0.conda#9d5c554fa7a7964e3d0cff67518f8dfe
https://conda.anaconda.org/conda-forge/noarch/azure-keyvault-secrets-4.7.0-pyhd8ed1ab_0.conda#28d8a9395771b36a0dd963de26b86997
https://conda.anaconda.org/conda-forge/noarch/msal_extensions-1.0.0-pyhd8ed1ab_0.tar.bz2#db0e3cc6e5e99baf237a2ab73898f553
https://conda.anaconda.org/conda-forge/noarch/msrest-0.7.1-pyhd8ed1ab_0.tar.bz2#a1733821b05a030e805e9a47e48df636
https://conda.anaconda.org/conda-forge/osx-64/scipy-1.10.1-py311h939689b_0.conda#c0ba4b8d033cd4b2af087ef96e98db04
https://conda.anaconda.org/conda-forge/noarch/azure-identity-1.12.0-pyhd8ed1ab_0.tar.bz2#221a093ddca5e5abf2090a68dd964266
https://conda.anaconda.org/conda-forge/noarch/azure-keyvault-4.3.0-pyhd8ed1ab_0.tar.bz2#723787c4f874f4dee15fd1232be36239
https://conda.anaconda.org/conda-forge/noarch/azure-storage-file-share-12.10.1-pyhd8ed1ab_0.tar.bz2#8436f569fd2b0c667ebd5dd65bc99795
https://conda.anaconda.org/conda-forge/noarch/msrestazure-0.6.4-pyhd8ed1ab_0.tar.bz2#b916ba380f3ce164ad27767cdbcf594c
https://conda.anaconda.org/conda-forge/noarch/azure-batch-13.0.0-pyhd8ed1ab_0.tar.bz2#15605b60153a1e7c1af31f8789d2d90f
