# Generated by conda-lock.
# platform: osx-64
# input_hash: e1e18de93285b679b12f6d57878a86444af89797752361dd6b69d2f6b83bef92
@EXPLICIT
https://conda.anaconda.org/conda-forge/noarch/aoo-mozilla-en-dict-au-2023.01.01-hd8ed1ab_0.conda#289fd0be243aff35d0c273960f7baa07
https://conda.anaconda.org/conda-forge/noarch/aoo-mozilla-en-dict-ca-2023.01.01-hd8ed1ab_0.conda#60b3879a1d6496886e2a57833d431d8e
https://conda.anaconda.org/conda-forge/noarch/aoo-mozilla-en-dict-gb-2023.01.01-hd8ed1ab_0.conda#11f8c5ac6a9b675e3f9dc104d542b1e5
https://conda.anaconda.org/conda-forge/noarch/aoo-mozilla-en-dict-us-2023.01.01-hd8ed1ab_0.conda#6b5dc33511564bd4556338ad624c272c
https://conda.anaconda.org/conda-forge/noarch/aoo-mozilla-en-dict-za-2023.01.01-hd8ed1ab_0.conda#4ae73b415a08dab577bf208f9a79d407
https://conda.anaconda.org/conda-forge/osx-64/bzip2-1.0.8-h0d85af4_4.tar.bz2#37edc4e6304ca87316e160f5ca0bd1b5
https://conda.anaconda.org/conda-forge/osx-64/ca-certificates-2022.12.7-h033912b_0.conda#af2bdcd68f16ce030ca957cdeb83d88a
https://conda.anaconda.org/conda-forge/osx-64/libcxx-16.0.1-h71dddab_0.conda#afc5f19a789b39d1c3d8fcd88d57c6f5
https://conda.anaconda.org/conda-forge/osx-64/libffi-3.4.2-h0d85af4_5.tar.bz2#ccb34fb14960ad8b125962d3d79b31a9
https://conda.anaconda.org/conda-forge/osx-64/libiconv-1.17-hac89ed1_0.tar.bz2#691d103d11180486154af49c037b7ed9
https://conda.anaconda.org/conda-forge/osx-64/libzlib-1.2.13-hfd90126_4.tar.bz2#35eb3fce8d51ed3c1fd4122bad48250b
https://conda.anaconda.org/conda-forge/osx-64/ncurses-6.3-h96cf925_1.tar.bz2#76217ebfbb163ff2770a261f955a5861
https://conda.anaconda.org/conda-forge/osx-64/python_abi-3.10-3_cp310.conda#42da9b0138e911cd5b2f75b0278e26dc
https://conda.anaconda.org/conda-forge/noarch/tzdata-2023c-h71feb2d_0.conda#939e3e74d8be4dac89ce83b20de2492a
https://conda.anaconda.org/conda-forge/osx-64/xz-5.2.6-h775f41a_0.tar.bz2#a72f9d4ea13d55d745ff1ed594747f10
https://conda.anaconda.org/conda-forge/osx-64/gettext-0.21.1-h8a4c099_0.tar.bz2#1e3aff29ce703d421c43f371ad676cc5
https://conda.anaconda.org/conda-forge/osx-64/libsqlite-3.40.0-ha978bb4_0.tar.bz2#ceb13b6726534b96e3b4e3dda91e9050
https://conda.anaconda.org/conda-forge/osx-64/openssl-3.1.0-hfd90126_0.conda#a7df3470c748a517663bf095c2ac0235
https://conda.anaconda.org/conda-forge/osx-64/pcre2-10.40-h1c4e4bc_0.tar.bz2#e0f80c8f3a0352a54eddfe59cd2b25b1
https://conda.anaconda.org/conda-forge/osx-64/readline-8.2-h9e318b2_1.conda#f17f77f2acf4d344734bda76829ce14e
https://conda.anaconda.org/conda-forge/osx-64/tk-8.6.12-h5dbffcc_0.tar.bz2#8e9480d9c47061db2ed1b4ecce519a7f
https://conda.anaconda.org/conda-forge/osx-64/hunspell-1.7.0-h2df5d5c_1001.tar.bz2#2d4cf83c35d4b174801f339d5c62ef58
https://conda.anaconda.org/conda-forge/osx-64/libglib-2.76.1-h4c723e1_0.conda#4099afc18fbcd60187481d401335cd2a
https://conda.anaconda.org/conda-forge/osx-64/python-3.10.10-he7542f4_0_cpython.conda#6275017d92bafed547c9314e0d43920d
https://conda.anaconda.org/conda-forge/noarch/alabaster-0.7.13-pyhd8ed1ab_0.conda#06006184e203b61d3525f90de394471e
https://conda.anaconda.org/conda-forge/noarch/certifi-2022.12.7-pyhd8ed1ab_0.conda#fb9addc3db06e56abe03e0e9f21a63e6
https://conda.anaconda.org/conda-forge/noarch/charset-normalizer-3.1.0-pyhd8ed1ab_0.conda#7fcff9f6f123696e940bda77bd4d6551
https://conda.anaconda.org/conda-forge/noarch/colorama-0.4.6-pyhd8ed1ab_0.tar.bz2#3faab06a954c2a04039983f2c4a50d99
https://conda.anaconda.org/conda-forge/osx-64/docutils-0.18.1-py310h2ec42d9_1.tar.bz2#f95000f735a9dbba847e6d03e9ce71ad
https://conda.anaconda.org/conda-forge/osx-64/glib-tools-2.76.1-hbc0c0cd_0.conda#c5c8d640fec349700e5b1c0d0be92093
https://conda.anaconda.org/conda-forge/noarch/hunspell-en-2023.01.01-hd8ed1ab_0.conda#ee22bd6d6a07b0ad4981c79bbbde52a8
https://conda.anaconda.org/conda-forge/noarch/idna-3.4-pyhd8ed1ab_0.tar.bz2#34272b248891bddccc64479f9a7fffed
https://conda.anaconda.org/conda-forge/noarch/imagesize-1.4.1-pyhd8ed1ab_0.tar.bz2#7de5386c8fea29e76b303f37dde4c352
https://conda.anaconda.org/conda-forge/osx-64/markupsafe-2.1.2-py310h90acd4f_0.conda#a230aa9172440ace9a1b33a74f7b6fbd
https://conda.anaconda.org/conda-forge/noarch/packaging-23.1-pyhd8ed1ab_0.conda#91cda59e66e1e4afe9476f8ef98f5c30
https://conda.anaconda.org/conda-forge/noarch/pycparser-2.21-pyhd8ed1ab_0.tar.bz2#076becd9e05608f8dc72757d5f3a91ff
https://conda.anaconda.org/conda-forge/noarch/pygments-2.15.1-pyhd8ed1ab_0.conda#d316679235612869eba305aa7d41d9bf
https://conda.anaconda.org/conda-forge/osx-64/pysocks-1.7.1-py310h2ec42d9_5.tar.bz2#8b7a82347d1ed70878126333339f4969
https://conda.anaconda.org/conda-forge/noarch/pytz-2023.3-pyhd8ed1ab_0.conda#d3076b483092a435832603243567bc31
https://conda.anaconda.org/conda-forge/noarch/setuptools-67.6.1-pyhd8ed1ab_0.conda#6c443cccff3daa3d83b2b807b0a298ce
https://conda.anaconda.org/conda-forge/noarch/six-1.16.0-pyh6c4a22f_0.tar.bz2#e5f25f8dbc060e9a8d912e432202afc2
https://conda.anaconda.org/conda-forge/noarch/snowballstemmer-2.2.0-pyhd8ed1ab_0.tar.bz2#4d22a9315e78c6827f806065957d566e
https://conda.anaconda.org/conda-forge/noarch/sphinxcontrib-applehelp-1.0.4-pyhd8ed1ab_0.conda#5a31a7d564f551d0e6dff52fd8cb5b16
https://conda.anaconda.org/conda-forge/noarch/sphinxcontrib-devhelp-1.0.2-py_0.tar.bz2#68e01cac9d38d0e717cd5c87bc3d2cc9
https://conda.anaconda.org/conda-forge/noarch/sphinxcontrib-htmlhelp-2.0.1-pyhd8ed1ab_0.conda#6c8c4d6eb2325e59290ac6dbbeacd5f0
https://conda.anaconda.org/conda-forge/noarch/sphinxcontrib-jsmath-1.0.1-py_0.tar.bz2#67cd9d9c0382d37479b4d306c369a2d4
https://conda.anaconda.org/conda-forge/noarch/sphinxcontrib-qthelp-1.0.3-py_0.tar.bz2#d01180388e6d1838c3e1ad029590aa7a
https://conda.anaconda.org/conda-forge/noarch/sphinxcontrib-serializinghtml-1.1.5-pyhd8ed1ab_2.tar.bz2#9ff55a0901cf952f05c654394de76bf7
https://conda.anaconda.org/conda-forge/noarch/sphinxcontrib-spelling-4.3.0-py_0.tar.bz2#4d07af45dbfeadfb1f890283b2f13453
https://conda.anaconda.org/conda-forge/noarch/wheel-0.40.0-pyhd8ed1ab_0.conda#49bb0d9e60ce1db25e151780331bb5f3
https://conda.anaconda.org/conda-forge/noarch/zipp-3.15.0-pyhd8ed1ab_0.conda#13018819ca8f5b7cc675a8faf1f5fedf
https://conda.anaconda.org/conda-forge/noarch/babel-2.12.1-pyhd8ed1ab_1.conda#ac432e732804a81ddcf29c92ead57cde
https://conda.anaconda.org/conda-forge/osx-64/cffi-1.15.1-py310ha78151a_3.conda#652082e4a6cf9d26e43d0d362590c276
https://conda.anaconda.org/conda-forge/osx-64/glib-2.76.1-hbc0c0cd_0.conda#476751077de8f41832c0dd557de5b305
https://conda.anaconda.org/conda-forge/noarch/importlib-metadata-6.5.0-pyha770c72_0.conda#ab2f9216e346f43599af3f7839931da1
https://conda.anaconda.org/conda-forge/noarch/jinja2-3.1.2-pyhd8ed1ab_1.tar.bz2#c8490ed5c70966d232fdd389d0dbed37
https://conda.anaconda.org/conda-forge/noarch/pip-23.1-pyhd8ed1ab_0.conda#9ccbacfd1cbfa0be00cc345fe5ad8816
https://conda.anaconda.org/conda-forge/osx-64/brotlipy-0.7.0-py310h90acd4f_1005.tar.bz2#63accc45f2b9ae1dad4db9cdfaa903b4
https://conda.anaconda.org/conda-forge/osx-64/cryptography-40.0.2-py310hdd0c95c_0.conda#7f3240c78b6e36dd856e8ebec8b36f32
https://conda.anaconda.org/conda-forge/osx-64/enchant-2.3.4-h1f99235_0.conda#7751098d2d1ea8cbf535c853aded92fd
https://conda.anaconda.org/conda-forge/noarch/pyenchant-3.2.2-pyhd8ed1ab_0.tar.bz2#cd5d2bdb6c59cdb715a2fb3fe19ccfcf
https://conda.anaconda.org/conda-forge/noarch/pyopenssl-23.1.1-pyhd8ed1ab_0.conda#0b34aa3ab7e7ccb1765a03dd9ed29938
https://conda.anaconda.org/conda-forge/noarch/urllib3-1.26.15-pyhd8ed1ab_0.conda#27db656619a55d727eaf5a6ece3d2fd6
https://conda.anaconda.org/conda-forge/noarch/requests-2.28.2-pyhd8ed1ab_1.conda#3bfbd6ead1d7299ed46dab3a7bf0bc8c
https://conda.anaconda.org/conda-forge/noarch/sphinx-6.1.3-pyhd8ed1ab_0.conda#5c3da961e16ead31147fe7213c06173c
https://conda.anaconda.org/conda-forge/noarch/sphinxcontrib-jquery-4.1-pyhd8ed1ab_0.conda#914897066d5873acfb13e75705276ad1
https://conda.anaconda.org/conda-forge/noarch/sphinx_rtd_theme-1.2.0-pyha770c72_0.conda#55f8f3f0fa3fd6b7522f4133fac8ee59
https://conda.anaconda.org/conda-forge/noarch/sphinx-rtd-theme-1.2.0-hd8ed1ab_0.conda#a05de360b11fd2bd909d24e131b014c4
