# Generated by conda-lock.
# platform: win-64
# input_hash: 07cd824ae0c7444ed79905f556d5292d835a7c166afadb72d80518ac99fe4383
@EXPLICIT
https://conda.anaconda.org/conda-forge/win-64/ca-certificates-2022.12.7-h5b45459_0.conda#31de4d9887dc8eaed9e6230a5dfbb9d6
https://conda.anaconda.org/conda-forge/win-64/intel-openmp-2023.1.0-h57928b3_46319.conda#dbc4636f419722fbf3ab6501377228ba
https://conda.anaconda.org/conda-forge/win-64/msys2-conda-epoch-20160418-1.tar.bz2#b0309b72560df66f71a9d5e34a5efdfa
https://conda.anaconda.org/conda-forge/win-64/python_abi-3.11-3_cp311.conda#fd1634ba85cfea9376e1fc02d6f592e9
https://conda.anaconda.org/conda-forge/noarch/tzdata-2023c-h71feb2d_0.conda#939e3e74d8be4dac89ce83b20de2492a
https://conda.anaconda.org/conda-forge/win-64/ucrt-10.0.22621.0-h57928b3_0.tar.bz2#72608f6cd3e5898229c3ea16deb1ac43
https://conda.anaconda.org/conda-forge/win-64/m2w64-gmp-6.1.0-2.tar.bz2#53a1c73e1e3d185516d7e3af177596d9
https://conda.anaconda.org/conda-forge/win-64/m2w64-libwinpthread-git-5.0.0.4634.697f757-2.tar.bz2#774130a326dee16f1ceb05cc687ee4f0
https://conda.anaconda.org/conda-forge/win-64/vs2015_runtime-14.34.31931-h4c5c07a_10.conda#25640086ba777e79e5d233d079d7c5fc
https://conda.anaconda.org/conda-forge/win-64/m2w64-gcc-libs-core-5.3.0-7.tar.bz2#4289d80fb4d272f1f3b56cfe87ac90bd
https://conda.anaconda.org/conda-forge/win-64/vc-14.3-hb6edc58_10.conda#52d246d8d14b83c516229be5bb03a163
https://conda.anaconda.org/conda-forge/win-64/bzip2-1.0.8-h8ffe710_4.tar.bz2#7c03c66026944073040cb19a4f3ec3c9
https://conda.anaconda.org/conda-forge/win-64/icu-72.1-h63175ca_0.conda#a108731562663d787066bd17c9595114
https://conda.anaconda.org/conda-forge/win-64/lerc-4.0.0-h63175ca_0.tar.bz2#1900cb3cab5055833cfddb0ba233b074
https://conda.anaconda.org/conda-forge/win-64/libbrotlicommon-1.0.9-hcfcfb64_8.tar.bz2#e8078e37208cd7d3e1eb5053f370ded8
https://conda.anaconda.org/conda-forge/win-64/libdeflate-1.18-hcfcfb64_0.conda#493acc14c556ef6f1d13ba00b099c679
https://conda.anaconda.org/conda-forge/win-64/libffi-3.4.2-h8ffe710_5.tar.bz2#2c96d1b6915b408893f9472569dee135
https://conda.anaconda.org/conda-forge/win-64/libiconv-1.17-h8ffe710_0.tar.bz2#050119977a86e4856f0416e2edcf81bb
https://conda.anaconda.org/conda-forge/win-64/libjpeg-turbo-2.1.5.1-hcfcfb64_0.conda#f2fad2ae9f1365e343e4329fdb1e9d63
https://conda.anaconda.org/conda-forge/win-64/libogg-1.3.4-h8ffe710_1.tar.bz2#04286d905a0dcb7f7d4a12bdfe02516d
https://conda.anaconda.org/conda-forge/win-64/libsqlite-3.40.0-hcfcfb64_0.tar.bz2#5e5a97795de72f8cc3baf3d9ea6327a2
https://conda.anaconda.org/conda-forge/win-64/libwebp-base-1.3.0-hcfcfb64_0.conda#381a3645c51cbf478872899b16490318
https://conda.anaconda.org/conda-forge/win-64/libzlib-1.2.13-hcfcfb64_4.tar.bz2#0cc5c5cc64ee1637f37f8540a175854c
https://conda.anaconda.org/conda-forge/win-64/m2w64-gcc-libgfortran-5.3.0-6.tar.bz2#066552ac6b907ec6d72c0ddab29050dc
https://conda.anaconda.org/conda-forge/win-64/openssl-3.1.0-hcfcfb64_0.conda#4245a25fae1aaf85bc3fbf6fc29c2d5d
https://conda.anaconda.org/conda-forge/win-64/pthreads-win32-2.9.1-hfa6e2cd_3.tar.bz2#e2da8758d7d51ff6aa78a14dfb9dbed4
https://conda.anaconda.org/conda-forge/win-64/tk-8.6.12-h8ffe710_0.tar.bz2#c69a5047cc9291ae40afd4a1ad6f0c0f
https://conda.anaconda.org/conda-forge/win-64/xz-5.2.6-h8d14728_0.tar.bz2#515d77642eaa3639413c6b1bc3f94219
https://conda.anaconda.org/conda-forge/win-64/yaml-0.2.5-h8ffe710_2.tar.bz2#adbfb9f45d1004a26763652246a33764
https://conda.anaconda.org/conda-forge/win-64/gettext-0.21.1-h5728263_0.tar.bz2#299d4fd6798a45337042ff5a48219e5f
https://conda.anaconda.org/conda-forge/win-64/krb5-1.20.1-heb0366b_0.conda#a07b05ee8f451ab15698397185efe989
https://conda.anaconda.org/conda-forge/win-64/libbrotlidec-1.0.9-hcfcfb64_8.tar.bz2#99839d9d81f33afa173c0fa82a702038
https://conda.anaconda.org/conda-forge/win-64/libbrotlienc-1.0.9-hcfcfb64_8.tar.bz2#88e62627120c20289bf8982b15e0a6a1
https://conda.anaconda.org/conda-forge/win-64/libpng-1.6.39-h19919ed_0.conda#ab6febdb2dbd9c00803609079db4de71
https://conda.anaconda.org/conda-forge/win-64/libvorbis-1.3.7-h0e60522_0.tar.bz2#e1a22282de0169c93e4ffe6ce6acc212
https://conda.anaconda.org/conda-forge/win-64/libxml2-2.10.4-hc3477c8_0.conda#d9869d2d502cca6b6f73dd7030696b3c
https://conda.anaconda.org/conda-forge/win-64/m2w64-gcc-libs-5.3.0-7.tar.bz2#fe759119b8b3bfa720b8762c6fdc35de
https://conda.anaconda.org/conda-forge/win-64/pcre2-10.40-h17e33f8_0.tar.bz2#2519de0d9620dc2bc7e19caf6867136d
https://conda.anaconda.org/conda-forge/win-64/python-3.11.0-hcf16a7b_0_cpython.tar.bz2#13ee3577afc291dabd2d9edc59736688
https://conda.anaconda.org/conda-forge/win-64/zstd-1.5.2-h12be248_6.conda#62826565682d013b3e2346aaf7bded0e
https://conda.anaconda.org/conda-forge/noarch/alabaster-0.7.13-pyhd8ed1ab_0.conda#06006184e203b61d3525f90de394471e
https://conda.anaconda.org/conda-forge/noarch/appdirs-1.4.4-pyh9f0ad1d_0.tar.bz2#5f095bc6454094e96f146491fd03633b
https://conda.anaconda.org/conda-forge/noarch/azure-common-1.1.28-pyhd8ed1ab_0.tar.bz2#36a0b7a0497cfdb87e62c809947dd81c
https://conda.anaconda.org/conda-forge/noarch/blinker-1.6.2-pyhd8ed1ab_0.conda#2fb79ec81bad9492b6d59a06b3b647a4
https://conda.anaconda.org/conda-forge/win-64/brotli-bin-1.0.9-hcfcfb64_8.tar.bz2#e18b70ed349d96086fd60a9c642b1b58
https://conda.anaconda.org/conda-forge/noarch/cachetools-5.3.0-pyhd8ed1ab_0.conda#fd006afc4115740d8d52887ee813f262
https://conda.anaconda.org/conda-forge/noarch/cachy-0.3.0-pyhd8ed1ab_1.tar.bz2#5dfee17f24e2dfd18d7392b48c9351e2
https://conda.anaconda.org/conda-forge/noarch/certifi-2022.12.7-pyhd8ed1ab_0.conda#fb9addc3db06e56abe03e0e9f21a63e6
https://conda.anaconda.org/conda-forge/win-64/chardet-5.1.0-py311h1ea47a8_0.conda#bb0899c06c1df8fc7802caab197b0963
https://conda.anaconda.org/conda-forge/noarch/charset-normalizer-3.1.0-pyhd8ed1ab_0.conda#7fcff9f6f123696e940bda77bd4d6551
https://conda.anaconda.org/conda-forge/noarch/colorama-0.4.6-pyhd8ed1ab_0.tar.bz2#3faab06a954c2a04039983f2c4a50d99
https://conda.anaconda.org/conda-forge/noarch/crashtest-0.4.1-pyhd8ed1ab_0.tar.bz2#709a2295dd907bb34afb57d54320642f
https://conda.anaconda.org/conda-forge/noarch/cycler-0.11.0-pyhd8ed1ab_0.tar.bz2#a50559fad0affdbb33729a68669ca1cb
https://conda.anaconda.org/conda-forge/noarch/distlib-0.3.6-pyhd8ed1ab_0.tar.bz2#b65b4d50dbd2d50fa0aeac367ec9eed7
https://conda.anaconda.org/conda-forge/win-64/docutils-0.17.1-py311h1ea47a8_3.tar.bz2#79934e39f457b6d2cb6e324fa70f9065
https://conda.anaconda.org/conda-forge/noarch/et_xmlfile-1.1.0-pyhd8ed1ab_0.conda#a2f2138597905eaa72e561d8efb42cf3
https://conda.anaconda.org/conda-forge/noarch/exceptiongroup-1.1.1-pyhd8ed1ab_0.conda#7312299d7a0ea4993159229b7d2dceb2
https://conda.anaconda.org/conda-forge/noarch/execnet-1.9.0-pyhd8ed1ab_0.tar.bz2#0e521f7a5e60d508b121d38b04874fb2
https://conda.anaconda.org/conda-forge/noarch/filelock-3.12.0-pyhd8ed1ab_0.conda#650f18a56f366dbf419c15b543592c2d
https://conda.anaconda.org/conda-forge/win-64/freetype-2.12.1-h546665d_1.conda#1b513009cd012591f3fdc9e03a74ec0a
https://conda.anaconda.org/conda-forge/noarch/idna-3.4-pyhd8ed1ab_0.tar.bz2#34272b248891bddccc64479f9a7fffed
https://conda.anaconda.org/conda-forge/noarch/imagesize-1.4.1-pyhd8ed1ab_0.tar.bz2#7de5386c8fea29e76b303f37dde4c352
https://conda.anaconda.org/conda-forge/noarch/iniconfig-2.0.0-pyhd8ed1ab_0.conda#f800d2da156d08e289b14e87e43c1ae5
https://conda.anaconda.org/conda-forge/win-64/kiwisolver-1.4.4-py311h005e61a_1.tar.bz2#564530d9dd01d102b5ec76c34381f3b7
https://conda.anaconda.org/conda-forge/win-64/libclang13-16.0.1-default_h45d3cf4_0.conda#c6dcb23a3cba50364d7bcf7bbb513911
https://conda.anaconda.org/conda-forge/win-64/libglib-2.76.1-he8f3873_0.conda#f0742c1fbb5c2eb354cbe72bda0b0a9a
https://conda.anaconda.org/conda-forge/win-64/libhwloc-2.9.1-h51c2c0f_0.conda#8ec5920f3ed67faa0264a36c0b533ed0
https://conda.anaconda.org/conda-forge/win-64/libtiff-4.5.0-h6c8260b_6.conda#12628df645fcf0f74922138858724831
https://conda.anaconda.org/conda-forge/noarch/lockfile-0.12.2-py_1.tar.bz2#c104d98e09c47519950cffb8dd5b4f10
https://conda.anaconda.org/conda-forge/win-64/markupsafe-2.1.2-py311ha68e1ae_0.conda#96e7ffe6ea438ba4517152abe3b39874
https://conda.anaconda.org/conda-forge/noarch/more-itertools-9.1.0-pyhd8ed1ab_0.conda#1698a717f83cfecf644a877c174c84bd
https://conda.anaconda.org/conda-forge/win-64/msgpack-python-1.0.5-py311h005e61a_0.conda#01a252f384a5d1ad338cff1184d9a9c0
https://conda.anaconda.org/conda-forge/noarch/munkres-1.1.4-pyh9f0ad1d_0.tar.bz2#2ba8498c1018c1e9c61eb99b973dfe19
https://conda.anaconda.org/conda-forge/noarch/packaging-23.1-pyhd8ed1ab_0.conda#91cda59e66e1e4afe9476f8ef98f5c30
https://conda.anaconda.org/conda-forge/noarch/pastel-0.2.1-pyhd8ed1ab_0.tar.bz2#a4eea5bff523f26442405bc5d1f52adb
https://conda.anaconda.org/conda-forge/noarch/pkginfo-1.9.6-pyhd8ed1ab_0.conda#be1e9f1c65a1ed0f2ae9352fec99db64
https://conda.anaconda.org/conda-forge/win-64/pluggy-1.0.0-py311h1ea47a8_4.tar.bz2#e029b2802cdded16e8f4e780cad558d0
https://conda.anaconda.org/conda-forge/noarch/ply-3.11-py_1.tar.bz2#7205635cd71531943440fbfe3b6b5727
https://conda.anaconda.org/conda-forge/win-64/pthread-stubs-0.4-hcd874cb_1001.tar.bz2#a1f820480193ea83582b13249a7e7bd9
https://conda.anaconda.org/conda-forge/noarch/pycparser-2.21-pyhd8ed1ab_0.tar.bz2#076becd9e05608f8dc72757d5f3a91ff
https://conda.anaconda.org/conda-forge/noarch/pygments-2.15.1-pyhd8ed1ab_0.conda#d316679235612869eba305aa7d41d9bf
https://conda.anaconda.org/conda-forge/win-64/pyinstrument-4.4.0-py311ha68e1ae_0.tar.bz2#f4fd41c0be2ba0afecb1ae67e0bb466a
https://conda.anaconda.org/conda-forge/noarch/pyjwt-2.6.0-pyhd8ed1ab_0.tar.bz2#56d08bbebf5b3719ca2b1688fcfd98a4
https://conda.anaconda.org/conda-forge/noarch/pylev-1.4.0-pyhd8ed1ab_0.tar.bz2#edf8651c4379d9d1495ad6229622d150
https://conda.anaconda.org/conda-forge/noarch/pyparsing-3.0.9-pyhd8ed1ab_0.tar.bz2#e8fbc1b54b25f4b08281467bc13b70cc
https://conda.anaconda.org/conda-forge/noarch/pyshp-2.3.1-pyhd8ed1ab_0.tar.bz2#92a889dc236a5197612bc85bee6d7174
https://conda.anaconda.org/conda-forge/noarch/python-tzdata-2023.3-pyhd8ed1ab_0.conda#2590495f608a63625e165915fb4e2e34
https://conda.anaconda.org/conda-forge/noarch/pytz-2023.3-pyhd8ed1ab_0.conda#d3076b483092a435832603243567bc31
https://conda.anaconda.org/conda-forge/win-64/pywin32-304-py311h12c1d0e_2.tar.bz2#20a2d8e73b0be8e27ca4096d4f3a7053
https://conda.anaconda.org/conda-forge/win-64/pywin32-ctypes-0.2.0-py311h1ea47a8_1006.tar.bz2#86ee973a16f5449d9ded34b512331dce
https://conda.anaconda.org/conda-forge/win-64/pyyaml-6.0-py311ha68e1ae_5.tar.bz2#0c97d59d54eb52e170224b3de6ade906
https://conda.anaconda.org/conda-forge/win-64/ruamel.yaml.clib-0.2.7-py311ha68e1ae_1.conda#654fbe603c79490699cd7447e4627aee
https://conda.anaconda.org/conda-forge/noarch/setuptools-67.6.1-pyhd8ed1ab_0.conda#6c443cccff3daa3d83b2b807b0a298ce
https://conda.anaconda.org/conda-forge/noarch/six-1.16.0-pyh6c4a22f_0.tar.bz2#e5f25f8dbc060e9a8d912e432202afc2
https://conda.anaconda.org/conda-forge/noarch/smmap-3.0.5-pyh44b312d_0.tar.bz2#3a8dc70789709aa315325d5df06fb7e4
https://conda.anaconda.org/conda-forge/noarch/snowballstemmer-2.2.0-pyhd8ed1ab_0.tar.bz2#4d22a9315e78c6827f806065957d566e
https://conda.anaconda.org/conda-forge/noarch/sphinxcontrib-applehelp-1.0.4-pyhd8ed1ab_0.conda#5a31a7d564f551d0e6dff52fd8cb5b16
https://conda.anaconda.org/conda-forge/noarch/sphinxcontrib-devhelp-1.0.2-py_0.tar.bz2#68e01cac9d38d0e717cd5c87bc3d2cc9
https://conda.anaconda.org/conda-forge/noarch/sphinxcontrib-htmlhelp-2.0.1-pyhd8ed1ab_0.conda#6c8c4d6eb2325e59290ac6dbbeacd5f0
https://conda.anaconda.org/conda-forge/noarch/sphinxcontrib-jsmath-1.0.1-py_0.tar.bz2#67cd9d9c0382d37479b4d306c369a2d4
https://conda.anaconda.org/conda-forge/noarch/sphinxcontrib-qthelp-1.0.3-py_0.tar.bz2#d01180388e6d1838c3e1ad029590aa7a
https://conda.anaconda.org/conda-forge/noarch/sphinxcontrib-serializinghtml-1.1.5-pyhd8ed1ab_2.tar.bz2#9ff55a0901cf952f05c654394de76bf7
https://conda.anaconda.org/conda-forge/noarch/sphinxcontrib-spelling-4.3.0-py_0.tar.bz2#4d07af45dbfeadfb1f890283b2f13453
https://conda.anaconda.org/conda-forge/noarch/toml-0.10.2-pyhd8ed1ab_0.tar.bz2#f832c45a477c78bebd107098db465095
https://conda.anaconda.org/conda-forge/noarch/tomli-2.0.1-pyhd8ed1ab_0.tar.bz2#5844808ffab9ebdb694585b50ba02a96
https://conda.anaconda.org/conda-forge/noarch/toolz-0.12.0-pyhd8ed1ab_0.tar.bz2#92facfec94bc02d6ccf42e7173831a36
https://conda.anaconda.org/conda-forge/win-64/tornado-6.3-py311ha68e1ae_0.conda#38e1554312f9bf57652ddb67ff93c84c
https://conda.anaconda.org/conda-forge/noarch/typing-3.10.0.0-pyhd8ed1ab_0.tar.bz2#e6573ac68718f17b9d4f5c8eda3190f2
https://conda.anaconda.org/conda-forge/noarch/typing_extensions-4.5.0-pyha770c72_0.conda#43e7d9e50261fb11deb76e17d8431aac
https://conda.anaconda.org/conda-forge/noarch/webencodings-0.5.1-py_1.tar.bz2#3563be4c5611a44210d9ba0c16113136
https://conda.anaconda.org/conda-forge/noarch/wheel-0.40.0-pyhd8ed1ab_0.conda#49bb0d9e60ce1db25e151780331bb5f3
https://conda.anaconda.org/conda-forge/win-64/win_inet_pton-1.1.0-py311h1ea47a8_5.tar.bz2#fce5ee0d735ac9406fa77e0979768f12
https://conda.anaconda.org/conda-forge/win-64/xorg-libxau-1.0.9-hcd874cb_0.tar.bz2#9cef622e75683c17d05ae62d66e69e6c
https://conda.anaconda.org/conda-forge/win-64/xorg-libxdmcp-1.1.3-hcd874cb_0.tar.bz2#46878ebb6b9cbd8afcf8088d7ef00ece
https://conda.anaconda.org/conda-forge/noarch/zipp-3.15.0-pyhd8ed1ab_0.conda#13018819ca8f5b7cc675a8faf1f5fedf
https://conda.anaconda.org/conda-forge/noarch/babel-2.12.1-pyhd8ed1ab_1.conda#ac432e732804a81ddcf29c92ead57cde
https://conda.anaconda.org/conda-forge/win-64/brotli-1.0.9-hcfcfb64_8.tar.bz2#2e661f21e1741c11506bdc7226e6b0bc
https://conda.anaconda.org/conda-forge/win-64/cffi-1.15.1-py311h7d9ee11_3.conda#a8524727eb956b4741e25a64af79edb8
https://conda.anaconda.org/conda-forge/win-64/click-8.1.3-py311h1ea47a8_1.tar.bz2#8df633891ed86bd220a15373625f6008
https://conda.anaconda.org/conda-forge/noarch/clikit-0.6.2-pyhd8ed1ab_2.conda#02abb7b66b02e8b9f5a9b05454400087
https://conda.anaconda.org/conda-forge/win-64/coverage-7.2.3-py311ha68e1ae_0.conda#1b5bde8d09244de6afbd6c81ac934bfe
https://conda.anaconda.org/conda-forge/noarch/gitdb-4.0.10-pyhd8ed1ab_0.conda#3706d2f3d7cb5dae600c833345a76132
https://conda.anaconda.org/conda-forge/win-64/glib-tools-2.76.1-h12be248_0.conda#ec7fec341d9c8e06aa82c52304a09571
https://conda.anaconda.org/conda-forge/noarch/html5lib-1.1-pyh9f0ad1d_0.tar.bz2#b2355343d6315c892543200231d7154a
https://conda.anaconda.org/conda-forge/noarch/importlib-metadata-6.5.0-pyha770c72_0.conda#ab2f9216e346f43599af3f7839931da1
https://conda.anaconda.org/conda-forge/noarch/isodate-0.6.1-pyhd8ed1ab_0.tar.bz2#4a62c93c1b5c0b920508ae3fd285eaf5
https://conda.anaconda.org/conda-forge/noarch/jaraco.classes-3.2.3-pyhd8ed1ab_0.tar.bz2#31e4a1506968d017229bdb64695013a1
https://conda.anaconda.org/conda-forge/noarch/jinja2-3.1.2-pyhd8ed1ab_1.tar.bz2#c8490ed5c70966d232fdd389d0dbed37
https://conda.anaconda.org/conda-forge/win-64/lcms2-2.15-h3e3b177_1.conda#a76c36ad1b4b87f038d67890122d08ec
https://conda.anaconda.org/conda-forge/win-64/libclang-16.0.1-default_h8b4101f_0.conda#591d1ec028ecb0a3ad449959a063cf66
https://conda.anaconda.org/conda-forge/win-64/libxcb-1.13-hcd874cb_1004.tar.bz2#a6d7fd030532378ecb6ba435cd9f8234
https://conda.anaconda.org/conda-forge/win-64/openjpeg-2.5.0-ha2aaf27_2.conda#db0490689232e8e38c312281df6f31a2
https://conda.anaconda.org/conda-forge/win-64/openpyxl-3.1.0-py311ha68e1ae_0.conda#1c4a4963a5025b691a4497cc855cfae8
https://conda.anaconda.org/conda-forge/noarch/pip-23.1-pyhd8ed1ab_0.conda#9ccbacfd1cbfa0be00cc345fe5ad8816
https://conda.anaconda.org/conda-forge/win-64/portalocker-2.7.0-py311h1ea47a8_0.conda#7d4e9339a30c13937bf69336fc5b5178
https://conda.anaconda.org/conda-forge/noarch/pyproject-api-1.5.1-pyhd8ed1ab_0.conda#cd741e10f74b304710de764ccaff1394
https://conda.anaconda.org/conda-forge/noarch/pysocks-1.7.1-pyh0701188_6.tar.bz2#56cd9fe388baac0e90c7149cfac95b60
https://conda.anaconda.org/conda-forge/noarch/python-dateutil-2.8.2-pyhd8ed1ab_0.tar.bz2#dd999d1cc9f79e67dbb855c8924c7984
https://conda.anaconda.org/conda-forge/win-64/ruamel.yaml-0.17.21-py311ha68e1ae_3.conda#dcc9c25e92865290ac1a82c94d4f40df
https://conda.anaconda.org/conda-forge/win-64/sip-6.7.9-py311h12c1d0e_0.conda#c86fd164bb1294fc556201ee8a19f706
https://conda.anaconda.org/conda-forge/win-64/tbb-2021.9.0-h91493d7_0.conda#6aa3f1becefeaa00a4d2a79b2a478aee
https://conda.anaconda.org/conda-forge/noarch/tomlkit-0.11.7-pyha770c72_0.conda#547d15e217a398578900787bf39ef01d
https://conda.anaconda.org/conda-forge/noarch/typing-extensions-4.5.0-hd8ed1ab_0.conda#b3c594fde1a80a1fc3eb9cc4a5dfe392
https://conda.anaconda.org/conda-forge/win-64/brotlipy-0.7.0-py311ha68e1ae_1005.tar.bz2#dd9604ece454103e7210110c6d343e37
https://conda.anaconda.org/conda-forge/noarch/click-default-group-1.2.2-pyhd8ed1ab_1.tar.bz2#72a46ffc25701c173932fd55cf0965d3
https://conda.anaconda.org/conda-forge/win-64/cryptography-40.0.2-py311h28e9c30_0.conda#2962892090a18e2977b072f1e2c067ba
https://conda.anaconda.org/conda-forge/win-64/fonttools-4.39.3-py311ha68e1ae_0.conda#bff40bfb99e413a5341efdb29e7ad1ce
https://conda.anaconda.org/conda-forge/noarch/gitpython-3.1.31-pyhd8ed1ab_0.conda#f6e6b482110246a81c3f03e81c68752d
https://conda.anaconda.org/conda-forge/win-64/glib-2.76.1-h12be248_0.conda#718a72a4fd8a8b73a38718104f37aaa5
https://conda.anaconda.org/conda-forge/noarch/importlib_metadata-6.5.0-hd8ed1ab_0.conda#24bfc0314deeea53d54c71de2b436ed6
https://conda.anaconda.org/conda-forge/win-64/mkl-2022.1.0-h6a75c08_874.tar.bz2#2ff89a7337a9636029b4db9466e9f8e3
https://conda.anaconda.org/conda-forge/win-64/pillow-9.5.0-py311hc67b2de_0.conda#d06a743a739141a5b90a63a43b3d174f
https://conda.anaconda.org/conda-forge/noarch/platformdirs-3.2.0-pyhd8ed1ab_0.conda#f10c2cf447ca96f12a326b83c75b8e33
https://conda.anaconda.org/conda-forge/win-64/pydantic-1.10.7-py311ha68e1ae_0.conda#98b3467399648acba37cc7bebc91f688
https://conda.anaconda.org/conda-forge/win-64/pyqt5-sip-12.11.0-py311h12c1d0e_3.conda#d12ec4e620d50e110dfb1c2c9ff698c3
https://conda.anaconda.org/conda-forge/noarch/pytest-7.3.1-pyhd8ed1ab_0.conda#547c7de697ec99b494a28ddde185b5a4
https://conda.anaconda.org/conda-forge/win-64/gstreamer-1.22.0-h6b5321d_2.conda#86b8d2490f7068f7b23ab856b7f3139a
https://conda.anaconda.org/conda-forge/win-64/keyring-23.13.1-py311h1ea47a8_0.conda#ff14a49b769ea59ee6709a890e17f317
https://conda.anaconda.org/conda-forge/win-64/libblas-3.9.0-16_win64_mkl.tar.bz2#d2e6f4e86cee2b4e8c27ff6884ccdc61
https://conda.anaconda.org/conda-forge/noarch/oauthlib-3.2.2-pyhd8ed1ab_0.tar.bz2#8f882b197fd9c4941a787926baea4868
https://conda.anaconda.org/conda-forge/noarch/pyopenssl-23.1.1-pyhd8ed1ab_0.conda#0b34aa3ab7e7ccb1765a03dd9ed29938
https://conda.anaconda.org/conda-forge/noarch/pytest-cov-4.0.0-pyhd8ed1ab_0.tar.bz2#c9e3f8bfdb9bfc34aa1836a6ed4b25d7
https://conda.anaconda.org/conda-forge/noarch/pytest-xdist-3.2.1-pyhd8ed1ab_0.conda#6fe4c2689d1b10fec1ee65819f0c4fd5
https://conda.anaconda.org/conda-forge/noarch/virtualenv-20.22.0-pyhd8ed1ab_0.conda#054007ab693cb77a029ea4f1f12f34a7
https://conda.anaconda.org/conda-forge/win-64/gst-plugins-base-1.22.0-h001b923_2.conda#6118a66a6c156d20a703d916aadbe388
https://conda.anaconda.org/conda-forge/win-64/libcblas-3.9.0-16_win64_mkl.tar.bz2#14c2fb03b2bb14dfa3806186ca91d557
https://conda.anaconda.org/conda-forge/win-64/liblapack-3.9.0-16_win64_mkl.tar.bz2#be2f9d5712a5bb05cd900005ee752a05
https://conda.anaconda.org/conda-forge/noarch/tox-4.3.5-pyhd8ed1ab_0.conda#95d6dc8ae18ced8d831a119c4c977b4e
https://conda.anaconda.org/conda-forge/noarch/urllib3-1.26.15-pyhd8ed1ab_0.conda#27db656619a55d727eaf5a6ece3d2fd6
https://conda.anaconda.org/conda-forge/win-64/numpy-1.24.2-py311h0b4df5a_0.conda#2596fad79689a38b6061f185c1fc3498
https://conda.anaconda.org/conda-forge/win-64/qt-main-5.15.8-h7f2b912_9.conda#60dc8e26f8ebc5ce1e7eeee7f60e4e94
https://conda.anaconda.org/conda-forge/noarch/requests-2.28.2-pyhd8ed1ab_1.conda#3bfbd6ead1d7299ed46dab3a7bf0bc8c
https://conda.anaconda.org/conda-forge/noarch/adal-1.2.7-pyhd8ed1ab_0.tar.bz2#1a0f134d22bad81e93f1e130b35afb35
https://conda.anaconda.org/conda-forge/noarch/azure-core-1.26.4-pyhd8ed1ab_0.conda#f4d871cde207029fbd3059fc4ad76af9
https://conda.anaconda.org/conda-forge/noarch/cachecontrol-0.12.11-pyhd8ed1ab_1.conda#e8f0410e0aa03342304357c5cc3bb75d
https://conda.anaconda.org/conda-forge/win-64/contourpy-1.0.7-py311h005e61a_0.conda#e7cb4befb5b37231881c2b9b5dc00bee
https://conda.anaconda.org/conda-forge/noarch/ensureconda-1.4.3-pyhd8ed1ab_0.tar.bz2#c99ae3abf501990769047b4b40a98f17
https://conda.anaconda.org/conda-forge/noarch/msal-1.22.0-pyhd8ed1ab_0.conda#24c290ee3278fd9a33b00cd1f8d1db0f
https://conda.anaconda.org/conda-forge/win-64/pandas-2.0.0-py311hf63dbb6_0.conda#e974c86dd5c713f384754a173a5b943f
https://conda.anaconda.org/conda-forge/noarch/pooch-1.7.0-pyha770c72_3.conda#5936894aade8240c867d292aa0d980c6
https://conda.anaconda.org/conda-forge/win-64/pyqt-5.15.7-py311h125bc19_3.conda#97c5f8ce920c1fd0c088e5bc0fd6acd7
https://conda.anaconda.org/conda-forge/noarch/requests-oauthlib-1.3.1-pyhd8ed1ab_0.tar.bz2#61b279f051eef9c89d58f4d813e75e04
https://conda.anaconda.org/conda-forge/noarch/sphinx-5.3.0-pyhd8ed1ab_0.tar.bz2#f9e1fcfe235d655900bfeb6aee426472
https://conda.anaconda.org/conda-forge/noarch/azure-keyvault-certificates-4.7.0-pyhd8ed1ab_0.conda#1d9b52324d080b5395c6314b56c119da
https://conda.anaconda.org/conda-forge/noarch/azure-keyvault-keys-4.8.0-pyhd8ed1ab_0.conda#9d5c554fa7a7964e3d0cff67518f8dfe
https://conda.anaconda.org/conda-forge/noarch/azure-keyvault-secrets-4.7.0-pyhd8ed1ab_0.conda#28d8a9395771b36a0dd963de26b86997
https://conda.anaconda.org/conda-forge/noarch/cachecontrol-with-filecache-0.12.11-pyhd8ed1ab_1.conda#9df660456c0076d27b802448f7ede78f
https://conda.anaconda.org/conda-forge/win-64/matplotlib-base-3.7.1-py311h6e989c2_0.conda#8220277205fbdf07ddfa7a124346c2dd
https://conda.anaconda.org/conda-forge/noarch/msal_extensions-1.0.0-pyhd8ed1ab_0.tar.bz2#db0e3cc6e5e99baf237a2ab73898f553
https://conda.anaconda.org/conda-forge/noarch/msrest-0.7.1-pyhd8ed1ab_0.tar.bz2#a1733821b05a030e805e9a47e48df636
https://conda.anaconda.org/conda-forge/win-64/scipy-1.10.1-py311h37ff6ca_0.conda#a4640d56699fbcb381485d749d126a8f
https://conda.anaconda.org/conda-forge/noarch/sphinxcontrib-jquery-4.1-pyhd8ed1ab_0.conda#914897066d5873acfb13e75705276ad1
https://conda.anaconda.org/conda-forge/noarch/azure-identity-1.12.0-pyhd8ed1ab_0.tar.bz2#221a093ddca5e5abf2090a68dd964266
https://conda.anaconda.org/conda-forge/noarch/azure-keyvault-4.3.0-pyhd8ed1ab_0.tar.bz2#723787c4f874f4dee15fd1232be36239
https://conda.anaconda.org/conda-forge/noarch/azure-storage-file-share-12.10.1-pyhd8ed1ab_0.tar.bz2#8436f569fd2b0c667ebd5dd65bc99795
https://conda.anaconda.org/conda-forge/noarch/conda-lock-1.4.0-pyhd8ed1ab_2.conda#e9ecdfe3e7d4f76d67afd65b02a621a0
https://conda.anaconda.org/conda-forge/win-64/matplotlib-3.7.1-py311h1ea47a8_0.conda#c1584d9019f00437be2961e7d825c301
https://conda.anaconda.org/conda-forge/noarch/msrestazure-0.6.4-pyhd8ed1ab_0.tar.bz2#b916ba380f3ce164ad27767cdbcf594c
https://conda.anaconda.org/conda-forge/noarch/sphinx_rtd_theme-1.2.0-pyha770c72_0.conda#55f8f3f0fa3fd6b7522f4133fac8ee59
https://conda.anaconda.org/conda-forge/noarch/squarify-0.4.3-py_0.tar.bz2#c475458b05eedee1b4ba031652fefb02
https://conda.anaconda.org/conda-forge/noarch/azure-batch-13.0.0-pyhd8ed1ab_0.tar.bz2#15605b60153a1e7c1af31f8789d2d90f
https://conda.anaconda.org/conda-forge/noarch/sphinx-rtd-theme-1.2.0-hd8ed1ab_0.conda#a05de360b11fd2bd909d24e131b014c4
